
Microsoft Visual Studio Solution File, Format Version 12.00
# Visual Studio 2013
VisualStudioVersion = 12.0.30723.0
MinimumVisualStudioVersion = 10.0.40219.1
Project("{FAE04EC0-301F-11D3-BF4B-00C04F79EFBC}") = "PersonalWebsite", "PersonalWebsite\PersonalWebsite.csproj", "{4A20A9A8-448E-4099-AE39-3B34C7E010D2}"
EndProject
Project("{2150E333-8FDC-42A3-9474-1A3956D46DE8}") = "PublishScripts", "PublishScripts", "{DCE1F2F1-5D50-47F7-8690-7161B217D11F}"
	ProjectSection(SolutionItems) = preProject
		PublishScripts\AzureWebsitePublishModule.psm1 = PublishScripts\AzureWebsitePublishModule.psm1
		PublishScripts\Publish-WebApplicationWebsite.ps1 = PublishScripts\Publish-WebApplicationWebsite.ps1
	EndProjectSection
EndProject
Project("{2150E333-8FDC-42A3-9474-1A3956D46DE8}") = "Configurations", "Configurations", "{1A1C207B-47B3-4F98-A7FA-ACBA1E61D214}"
	ProjectSection(SolutionItems) = preProject
		PublishScripts\Configurations\PersonalWebsite-WAWS-dev.json = PublishScripts\Configurations\PersonalWebsite-WAWS-dev.json
	EndProjectSection
EndProject
Project("{2150E333-8FDC-42A3-9474-1A3956D46DE8}") = ".nuget", ".nuget", "{38F74CA7-935E-4AAE-BAFD-46D1E7CB4653}"
	ProjectSection(SolutionItems) = preProject
		.nuget\packages.config = .nuget\packages.config
	EndProjectSection
EndProject
Global
	GlobalSection(SolutionConfigurationPlatforms) = preSolution
		Debug|Any CPU = Debug|Any CPU
		Release|Any CPU = Release|Any CPU
	EndGlobalSection
	GlobalSection(ProjectConfigurationPlatforms) = postSolution
		{4A20A9A8-448E-4099-AE39-3B34C7E010D2}.Debug|Any CPU.ActiveCfg = Debug|Any CPU
		{4A20A9A8-448E-4099-AE39-3B34C7E010D2}.Debug|Any CPU.Build.0 = Debug|Any CPU
		{4A20A9A8-448E-4099-AE39-3B34C7E010D2}.Release|Any CPU.ActiveCfg = Release|Any CPU
		{4A20A9A8-448E-4099-AE39-3B34C7E010D2}.Release|Any CPU.Build.0 = Release|Any CPU
	EndGlobalSection
	GlobalSection(SolutionProperties) = preSolution
		HideSolutionNode = FALSE
	EndGlobalSection
	GlobalSection(NestedProjects) = preSolution
		{1A1C207B-47B3-4F98-A7FA-ACBA1E61D214} = {DCE1F2F1-5D50-47F7-8690-7161B217D11F}
	EndGlobalSection
EndGlobal
